github.com/gen2brain/beeep v0.0.0-20200420150314-13046a26d502 h1:e+btj9i/zyL7a2WrgOeKl2rTMMYkzGJIuVzziFu3fi0=
github.com/gen2brain/beeep v0.0.0-20200420150314-13046a26d502/go.mod h1:KvEoJUYimgK9VGK9RZu1RvlPHfdwtGw1+m6rnfPK+lI=
github.com/go-toast/toast v0.0.0-20190211030409-01e6764cf0a4/go.mod h1:kW3HQ4UdaAyrUCSSDR4xUzBKW6O2iA4uHhk7AtyYp10=
github.com/godbus/dbus v4.1.0+incompatible h1:WqqLRTsQic3apZUK9qC5sGNfXthmPXzUZ7nQPrNITa4=
github.com/godbus/dbus v4.1.0+incompatible/go.mod h1:/YcGZj5zSblfDWMMoOzV4fas9FZnQYTkDnsGvmh2Grw=
github.com/gopherjs/gopherjs v0.0.0-20180825215210-0210a2f0f73c/go.mod h1:wJfORRmW1u3UXTncJ5qlYoELFm8eSnnEO6hX4iZ3EWY=
github.com/gopherjs/gopherwasm v1.1.0/go.mod h1:SkZ8z7CWBz5VXbhJel8TxCmAcsQqzgWGR/8nMhyhZSI=
github.com/lhside/chrome-go v0.0.0-20150930231719-5fc75372b55c h1:QZCB+32iAQ50K4POwJ61qOb0oFJVZKc5y2vJNZRCvRE=
github.com/lhside/chrome-go v0.0.0-20150930231719-5fc75372b55c/go.mod h1:w9dz+V+pAgNxea+pSwc++I4IWN6uWlb3mEVtm/OvzMY=
github.com/nu7hatch/gouuid v0.0.0-20131221200532-179d4d0c4d8d/go.mod h1:YUTz3bUH2ZwIWBy3CJBeOBEugqcmXREj14T+iG/4k4U=
github.com/tadvi/systray v0.0.0-20190226123456-11a2b8fa57af/go.mod h1:4F09kP5F+am0jAwlQLddpoMDM+iewkxxt6nxUQ5nq5o=
golang.org/x/sys v0.0.0-20200302150141-5c8b2ff67527/go.mod h1:h1NjWce9XRLGQEsW7wpKNCjG9DtNlClVuFLEZdDNbEs=
